
Microsoft Visual Studio Solution File, Format Version 12.00
# Visual Studio Version 17
VisualStudioVersion = 17.10.35027.167
MinimumVisualStudioVersion = 10.0.40219.1
Project("{FAE04EC0-301F-11D3-BF4B-00C04F79EFBC}") = "Karate-Client-Side", "Karate-Client-Side.csproj", "{879D1706-A02A-4CC3-AA75-BDC6D9881BCF}"
EndProject
Global
	GlobalSection(SolutionConfigurationPlatforms) = preSolution
		Debug|Any CPU = Debug|Any CPU
		Release|Any CPU = Release|Any CPU
	EndGlobalSection
	GlobalSection(ProjectConfigurationPlatforms) = postSolution
		{879D1706-A02A-4CC3-AA75-BDC6D9881BCF}.Debug|Any CPU.ActiveCfg = Debug|Any CPU
		{879D1706-A02A-4CC3-AA75-BDC6D9881BCF}.Debug|Any CPU.Build.0 = Debug|Any CPU
		{879D1706-A02A-4CC3-AA75-BDC6D9881BCF}.Release|Any CPU.ActiveCfg = Release|Any CPU
		{879D1706-A02A-4CC3-AA75-BDC6D9881BCF}.Release|Any CPU.Build.0 = Release|Any CPU
	EndGlobalSection
	GlobalSection(SolutionProperties) = preSolution
		HideSolutionNode = FALSE
	EndGlobalSection
	GlobalSection(ExtensibilityGlobals) = postSolution
		SolutionGuid = {6FFD6ACB-1956-4848-B4A4-2958BABC32E4}
	EndGlobalSection
EndGlobal
